# This file was autogenerated by Stack.
# You should not edit this file by hand.
# For more information, please see the documentation at:
#   https://docs.haskellstack.org/en/stable/lock_files

packages:
- completed:
    hackage: text-builder-dev-0.1@sha256:32a07e5aa7f28513e233f5780c43c5f42694491d3ded04eaf256c5e36d689105,2705
    pantry-tree:
      size: 506
      sha256: c0b9a131f5cdd2d558e099850d8674bfc201190fcc93524257b533a2a6078ef3
  original:
    hackage: text-builder-dev-0.1
snapshots:
- completed:
    size: 608667
    url: https://raw.githubusercontent.com/commercialhaskell/stackage-snapshots/master/nightly/2022/2/16.yaml
    sha256: 84b803d5d1e8a364b5aa65386a40650d8b2a1df97cb23d51acd82f5d790f69df
  original: nightly-2022-02-16
